# THIS IS AN AUTOGENERATED FILE. DO NOT EDIT THIS FILE DIRECTLY.
# yarn lockfile v1


fp-ts@^2.1.1:
  version "2.1.1"
  resolved "https://registry.yarnpkg.com/fp-ts/-/fp-ts-2.1.1.tgz#c910544499d7c959351bb4260ee7c44a544084c1"
  integrity sha512-YcWhMdDCFCja0MmaDroTgNu+NWWrrnUEn92nvDgrtVy9Z71YFnhNVIghoHPt8gs82ijoMzFGeWKvArbyICiJgw==

prettier@^1.18.2:
  version "1.18.2"
  resolved "https://registry.yarnpkg.com/prettier/-/prettier-1.18.2.tgz#6823e7c5900017b4bd3acf46fe9ac4b4d7bda9ea"
  integrity sha512-OeHeMc0JhFE9idD4ZdtNibzY0+TPHSpSSb9h8FqtP+YnoZZ1sl8Vc9b1sasjfymH3SonAF4QcA2+mzHPhMvIiw==
